
Microsoft Visual Studio Solution File, Format Version 12.00
# Visual Studio Version 17
VisualStudioVersion = 17.7.34024.191
MinimumVisualStudioVersion = 10.0.40219.1
Project("{FAE04EC0-301F-11D3-BF4B-00C04F79EFBC}") = "ViaRailProject", "ViaRailProject.csproj", "{078B8981-7821-4326-AE66-6CB6EF36234F}"
EndProject
Project("{9A19103F-16F7-4668-BE54-9A1E7A4F7556}") = "ProjectAPI", "..\ProjectAPI\ProjectAPI.csproj", "{4E669DD2-09C4-4D40-997C-93331358F596}"
EndProject
Project("{FAE04EC0-301F-11D3-BF4B-00C04F79EFBC}") = "TicketTest", "..\TicketTest\TicketTest.csproj", "{16BD6134-BFCC-48AF-A073-AAEBD1C774F2}"
EndProject
Global
	GlobalSection(SolutionConfigurationPlatforms) = preSolution
		Debug|Any CPU = Debug|Any CPU
		Release|Any CPU = Release|Any CPU
	EndGlobalSection
	GlobalSection(ProjectConfigurationPlatforms) = postSolution
		{078B8981-7821-4326-AE66-6CB6EF36234F}.Debug|Any CPU.ActiveCfg = Debug|Any CPU
		{078B8981-7821-4326-AE66-6CB6EF36234F}.Debug|Any CPU.Build.0 = Debug|Any CPU
		{078B8981-7821-4326-AE66-6CB6EF36234F}.Release|Any CPU.ActiveCfg = Release|Any CPU
		{078B8981-7821-4326-AE66-6CB6EF36234F}.Release|Any CPU.Build.0 = Release|Any CPU
		{4E669DD2-09C4-4D40-997C-93331358F596}.Debug|Any CPU.ActiveCfg = Debug|Any CPU
		{4E669DD2-09C4-4D40-997C-93331358F596}.Debug|Any CPU.Build.0 = Debug|Any CPU
		{4E669DD2-09C4-4D40-997C-93331358F596}.Release|Any CPU.ActiveCfg = Release|Any CPU
		{4E669DD2-09C4-4D40-997C-93331358F596}.Release|Any CPU.Build.0 = Release|Any CPU
		{16BD6134-BFCC-48AF-A073-AAEBD1C774F2}.Debug|Any CPU.ActiveCfg = Debug|Any CPU
		{16BD6134-BFCC-48AF-A073-AAEBD1C774F2}.Debug|Any CPU.Build.0 = Debug|Any CPU
		{16BD6134-BFCC-48AF-A073-AAEBD1C774F2}.Release|Any CPU.ActiveCfg = Release|Any CPU
		{16BD6134-BFCC-48AF-A073-AAEBD1C774F2}.Release|Any CPU.Build.0 = Release|Any CPU
	EndGlobalSection
	GlobalSection(SolutionProperties) = preSolution
		HideSolutionNode = FALSE
	EndGlobalSection
	GlobalSection(ExtensibilityGlobals) = postSolution
		SolutionGuid = {F4FF79B2-AF5B-4884-B3D3-C411B4CBE444}
	EndGlobalSection
EndGlobal
